# This file is automatically @generated by Cargo.
# It is not intended for manual editing.
version = 3

[[package]]
name = "rust-playground"
version = "0.1.0"
dependencies = [
 "shape_1d",
 "shape_2d",
 "shape_3d",
]

[[package]]
name = "shape_1d"
version = "0.1.0"

[[package]]
name = "shape_2d"
version = "0.1.0"
dependencies = [
 "shape_1d",
]

[[package]]
name = "shape_3d"
version = "0.1.0"
dependencies = [
 "shape_2d",
]
